
Microsoft Visual Studio Solution File, Format Version 12.00
# Visual Studio Version 16
VisualStudioVersion = 16.0.808.4
MinimumVisualStudioVersion = 10.0.40219.1
Project("{FAE04EC0-301F-11D3-BF4B-00C04F79EFBC}") = "BalancedBracketsTests", "BalancedBracketsTests.csproj", "{BCCA5821-EDB1-451A-9740-AA99C3C4BABC}"
EndProject
Global
	GlobalSection(SolutionConfigurationPlatforms) = preSolution
		Debug|Any CPU = Debug|Any CPU
		Release|Any CPU = Release|Any CPU
	EndGlobalSection
	GlobalSection(ProjectConfigurationPlatforms) = postSolution
		{BCCA5821-EDB1-451A-9740-AA99C3C4BABC}.Debug|Any CPU.ActiveCfg = Debug|Any CPU
		{BCCA5821-EDB1-451A-9740-AA99C3C4BABC}.Debug|Any CPU.Build.0 = Debug|Any CPU
		{BCCA5821-EDB1-451A-9740-AA99C3C4BABC}.Release|Any CPU.ActiveCfg = Release|Any CPU
		{BCCA5821-EDB1-451A-9740-AA99C3C4BABC}.Release|Any CPU.Build.0 = Release|Any CPU
	EndGlobalSection
	GlobalSection(SolutionProperties) = preSolution
		HideSolutionNode = FALSE
	EndGlobalSection
	GlobalSection(ExtensibilityGlobals) = postSolution
		SolutionGuid = {308B4D7C-C04D-4957-B04C-7DE3242204CE}
	EndGlobalSection
EndGlobal
